
Microsoft Visual Studio Solution File, Format Version 12.00
# Visual Studio Version 17
VisualStudioVersion = 17.5.002.0
MinimumVisualStudioVersion = 10.0.40219.1
Project("{9A19103F-16F7-4668-BE54-9A1E7A4F7556}") = "word_game_bkend", "word_game_bkend.csproj", "{B8560AA4-AE08-49E0-A8D5-7AEC153BBE8B}"
EndProject
Global
	GlobalSection(SolutionConfigurationPlatforms) = preSolution
		Debug|Any CPU = Debug|Any CPU
		Release|Any CPU = Release|Any CPU
	EndGlobalSection
	GlobalSection(ProjectConfigurationPlatforms) = postSolution
		{B8560AA4-AE08-49E0-A8D5-7AEC153BBE8B}.Debug|Any CPU.ActiveCfg = Debug|Any CPU
		{B8560AA4-AE08-49E0-A8D5-7AEC153BBE8B}.Debug|Any CPU.Build.0 = Debug|Any CPU
		{B8560AA4-AE08-49E0-A8D5-7AEC153BBE8B}.Release|Any CPU.ActiveCfg = Release|Any CPU
		{B8560AA4-AE08-49E0-A8D5-7AEC153BBE8B}.Release|Any CPU.Build.0 = Release|Any CPU
	EndGlobalSection
	GlobalSection(SolutionProperties) = preSolution
		HideSolutionNode = FALSE
	EndGlobalSection
	GlobalSection(ExtensibilityGlobals) = postSolution
		SolutionGuid = {042E7758-283D-438D-B4A3-1CCEA57BF6E8}
	EndGlobalSection
EndGlobal
